
Microsoft Visual Studio Solution File, Format Version 12.00
# Visual Studio Version 17
VisualStudioVersion = 17.0.31612.314
MinimumVisualStudioVersion = 10.0.40219.1
Project("{9A19103F-16F7-4668-BE54-9A1E7A4F7556}") = "AbbyWeb", "AbbyWeb\AbbyWeb.csproj", "{E1FD09BF-073E-49C5-A061-D41F9BADEFFF}"
EndProject
Project("{9A19103F-16F7-4668-BE54-9A1E7A4F7556}") = "Abby.DataAccess", "Abby.DataAccess\Abby.DataAccess.csproj", "{7A832D8C-E962-4F86-9246-014C5751E1BF}"
EndProject
Project("{9A19103F-16F7-4668-BE54-9A1E7A4F7556}") = "Abby.Models", "Abby.Models\Abby.Models.csproj", "{85B84B7B-1841-49FC-96F7-02219A4AD2E2}"
EndProject
Project("{9A19103F-16F7-4668-BE54-9A1E7A4F7556}") = "Abby.Utility", "Abby.Utility\Abby.Utility.csproj", "{BF743A9F-4D8A-40BE-A951-DC2BFD5B708F}"
EndProject
Global
	GlobalSection(SolutionConfigurationPlatforms) = preSolution
		Debug|Any CPU = Debug|Any CPU
		Release|Any CPU = Release|Any CPU
	EndGlobalSection
	GlobalSection(ProjectConfigurationPlatforms) = postSolution
		{E1FD09BF-073E-49C5-A061-D41F9BADEFFF}.Debug|Any CPU.ActiveCfg = Debug|Any CPU
		{E1FD09BF-073E-49C5-A061-D41F9BADEFFF}.Debug|Any CPU.Build.0 = Debug|Any CPU
		{E1FD09BF-073E-49C5-A061-D41F9BADEFFF}.Release|Any CPU.ActiveCfg = Release|Any CPU
		{E1FD09BF-073E-49C5-A061-D41F9BADEFFF}.Release|Any CPU.Build.0 = Release|Any CPU
		{7A832D8C-E962-4F86-9246-014C5751E1BF}.Debug|Any CPU.ActiveCfg = Debug|Any CPU
		{7A832D8C-E962-4F86-9246-014C5751E1BF}.Debug|Any CPU.Build.0 = Debug|Any CPU
		{7A832D8C-E962-4F86-9246-014C5751E1BF}.Release|Any CPU.ActiveCfg = Release|Any CPU
		{7A832D8C-E962-4F86-9246-014C5751E1BF}.Release|Any CPU.Build.0 = Release|Any CPU
		{85B84B7B-1841-49FC-96F7-02219A4AD2E2}.Debug|Any CPU.ActiveCfg = Debug|Any CPU
		{85B84B7B-1841-49FC-96F7-02219A4AD2E2}.Debug|Any CPU.Build.0 = Debug|Any CPU
		{85B84B7B-1841-49FC-96F7-02219A4AD2E2}.Release|Any CPU.ActiveCfg = Release|Any CPU
		{85B84B7B-1841-49FC-96F7-02219A4AD2E2}.Release|Any CPU.Build.0 = Release|Any CPU
		{BF743A9F-4D8A-40BE-A951-DC2BFD5B708F}.Debug|Any CPU.ActiveCfg = Debug|Any CPU
		{BF743A9F-4D8A-40BE-A951-DC2BFD5B708F}.Debug|Any CPU.Build.0 = Debug|Any CPU
		{BF743A9F-4D8A-40BE-A951-DC2BFD5B708F}.Release|Any CPU.ActiveCfg = Release|Any CPU
		{BF743A9F-4D8A-40BE-A951-DC2BFD5B708F}.Release|Any CPU.Build.0 = Release|Any CPU
	EndGlobalSection
	GlobalSection(SolutionProperties) = preSolution
		HideSolutionNode = FALSE
	EndGlobalSection
	GlobalSection(ExtensibilityGlobals) = postSolution
		SolutionGuid = {FB7C87B3-B2A3-4E4E-82C9-0224ED6CF61E}
	EndGlobalSection
EndGlobal
