
Microsoft Visual Studio Solution File, Format Version 12.00
# Visual Studio Version 17
VisualStudioVersion = 17.0.31612.314
MinimumVisualStudioVersion = 10.0.40219.1
Project("{FAE04EC0-301F-11D3-BF4B-00C04F79EFBC}") = "AbbyWeb", "AbbyWeb\AbbyWeb.csproj", "{E1FD09BF-073E-49C5-A061-D41F9BADEFFF}"
EndProject
Global
	GlobalSection(SolutionConfigurationPlatforms) = preSolution
		Debug|Any CPU = Debug|Any CPU
		Release|Any CPU = Release|Any CPU
	EndGlobalSection
	GlobalSection(ProjectConfigurationPlatforms) = postSolution
		{E1FD09BF-073E-49C5-A061-D41F9BADEFFF}.Debug|Any CPU.ActiveCfg = Debug|Any CPU
		{E1FD09BF-073E-49C5-A061-D41F9BADEFFF}.Debug|Any CPU.Build.0 = Debug|Any CPU
		{E1FD09BF-073E-49C5-A061-D41F9BADEFFF}.Release|Any CPU.ActiveCfg = Release|Any CPU
		{E1FD09BF-073E-49C5-A061-D41F9BADEFFF}.Release|Any CPU.Build.0 = Release|Any CPU
	EndGlobalSection
	GlobalSection(SolutionProperties) = preSolution
		HideSolutionNode = FALSE
	EndGlobalSection
	GlobalSection(ExtensibilityGlobals) = postSolution
		SolutionGuid = {FB7C87B3-B2A3-4E4E-82C9-0224ED6CF61E}
	EndGlobalSection
EndGlobal
